
Microsoft Visual Studio Solution File, Format Version 12.00
# Visual Studio Version 17
VisualStudioVersion = 17.0.31903.59
MinimumVisualStudioVersion = 10.0.40219.1
Project("{FAE04EC0-301F-11D3-BF4B-00C04F79EFBC}") = "LanguageModels", "LanguageModels\LanguageModels.csproj", "{848C7CB0-EADA-4A52-8197-746301C1236F}"
EndProject
Project("{FAE04EC0-301F-11D3-BF4B-00C04F79EFBC}") = "LanguageModels.Tests", "LanguageModels.Tests\LanguageModels.Tests.csproj", "{F8E4D03E-4D6E-49BA-ACA5-9094E455E074}"
EndProject
Global
	GlobalSection(SolutionConfigurationPlatforms) = preSolution
		Debug|Any CPU = Debug|Any CPU
		Release|Any CPU = Release|Any CPU
	EndGlobalSection
	GlobalSection(SolutionProperties) = preSolution
		HideSolutionNode = FALSE
	EndGlobalSection
	GlobalSection(ProjectConfigurationPlatforms) = postSolution
		{848C7CB0-EADA-4A52-8197-746301C1236F}.Debug|Any CPU.ActiveCfg = Debug|Any CPU
		{848C7CB0-EADA-4A52-8197-746301C1236F}.Debug|Any CPU.Build.0 = Debug|Any CPU
		{848C7CB0-EADA-4A52-8197-746301C1236F}.Release|Any CPU.ActiveCfg = Release|Any CPU
		{848C7CB0-EADA-4A52-8197-746301C1236F}.Release|Any CPU.Build.0 = Release|Any CPU
		{F8E4D03E-4D6E-49BA-ACA5-9094E455E074}.Debug|Any CPU.ActiveCfg = Debug|Any CPU
		{F8E4D03E-4D6E-49BA-ACA5-9094E455E074}.Debug|Any CPU.Build.0 = Debug|Any CPU
		{F8E4D03E-4D6E-49BA-ACA5-9094E455E074}.Release|Any CPU.ActiveCfg = Release|Any CPU
		{F8E4D03E-4D6E-49BA-ACA5-9094E455E074}.Release|Any CPU.Build.0 = Release|Any CPU
	EndGlobalSection
EndGlobal
